PODS:
  - Flutter (1.0.0)
  - flutter_super_badge (0.0.1):
    - Flutter

DEPENDENCIES:
  - Flutter (from `Flutter`)
  - flutter_super_badge (from `.symlinks/plugins/flutter_super_badge/ios`)

EXTERNAL SOURCES:
  Flutter:
    :path: Flutter
  flutter_super_badge:
    :path: ".symlinks/plugins/flutter_super_badge/ios"

SPEC CHECKSUMS:
  Flutter: cabc95a1d2626b1b06e7179b784ebcf0c0cde467
  flutter_super_badge: 9f39f37c313896facf9dc832bc868a130b14ae90

PODFILE CHECKSUM: 14e77b656aeef1493a73813bf626208af0689ddb

COCOAPODS: 1.16.2
